FORGE
  remote: https://forgeapi.puppetlabs.com
  specs:
    puppetlabs-concat (3.0.0)
      puppetlabs-stdlib (< 5.0.0, >= 4.13.1)
    puppetlabs-stdlib (4.16.0)
    stahnma-epel (1.2.2)
      puppetlabs-stdlib (>= 3.0.0)

DEPENDENCIES
  puppetlabs-concat (< 3.0.0, >= 1.0.0)
  puppetlabs-stdlib (< 5.0.0, >= 4.0.0)
  stahnma-epel (< 2.0.0, >= 1.0.0)

