FORGE
  remote: https://forgeapi.puppetlabs.com
  specs:
    puppetlabs-concat (2.2.1)
      puppetlabs-stdlib (< 5.0.0, >= 4.2.0)
    puppetlabs-stdlib (4.16.0)
    puppet-epel (3.0.1)

DEPENDENCIES
  puppetlabs-concat (< 5.0.0, >= 2.0.0)
  puppetlabs-stdlib (< 5.0.0, >= 4.0.0)
  puppet-epel (< 3.0.2, >= 3.0.0)

